
Microsoft Visual Studio Solution File, Format Version 12.00
# Visual Studio Version 16
VisualStudioVersion = 16.0.808.0
MinimumVisualStudioVersion = 10.0.40219.1
Project("{FAE04EC0-301F-11D3-BF4B-00C04F79EFBC}") = "freestyledatabase", "freestyledatabase\freestyledatabase.csproj", "{F14B90F8-2795-4542-8C27-533D2AB617EB}"
EndProject
Global
	GlobalSection(SolutionConfigurationPlatforms) = preSolution
		Debug|Any CPU = Debug|Any CPU
		Release|Any CPU = Release|Any CPU
	EndGlobalSection
	GlobalSection(ProjectConfigurationPlatforms) = postSolution
		{F14B90F8-2795-4542-8C27-533D2AB617EB}.Debug|Any CPU.ActiveCfg = Debug|Any CPU
		{F14B90F8-2795-4542-8C27-533D2AB617EB}.Debug|Any CPU.Build.0 = Debug|Any CPU
		{F14B90F8-2795-4542-8C27-533D2AB617EB}.Release|Any CPU.ActiveCfg = Release|Any CPU
		{F14B90F8-2795-4542-8C27-533D2AB617EB}.Release|Any CPU.Build.0 = Release|Any CPU
	EndGlobalSection
	GlobalSection(SolutionProperties) = preSolution
		HideSolutionNode = FALSE
	EndGlobalSection
	GlobalSection(ExtensibilityGlobals) = postSolution
		SolutionGuid = {39BB5774-DC7A-44E5-986B-FFFD7D46A784}
	EndGlobalSection
EndGlobal
